// !$*UTF8*$!
{
	archiveVersion = 1;
	classes = {
	};
	objectVersion = 46;
	objects = {

/* Begin PBXBuildFile section */
		7D955DE21A6766BE00AD3125 /* AppDelegate.swift in Sources */ = {isa = PBXBuildFile; fileRef = 7D955DE11A6766BE00AD3125 /* AppDelegate.swift */; };
		7D955DE41A6766BE00AD3125 /* ViewController.swift in Sources */ = {isa = PBXBuildFile; fileRef = 7D955DE31A6766BE00AD3125 /* ViewController.swift */; };
		7D955DE71A6766BE00AD3125 /* Main.storyboard in Resources */ = {isa = PBXBuildFile; fileRef = 7D955DE51A6766BE00AD3125 /* Main.storyboard */; };
		7D955DE91A6766BE00AD3125 /* Images.xcassets in Resources */ = {isa = PBXBuildFile; fileRef = 7D955DE81A6766BE00AD3125 /* Images.xcassets */; };
		7D955DEC1A6766BE00AD3125 /* LaunchScreen.xib in Resources */ = {isa = PBXBuildFile; fileRef = 7D955DEA1A6766BE00AD3125 /* LaunchScreen.xib */; };
		7D955DF81A6766BE00AD3125 /* tipcalcTests.swift in Sources */ = {isa = PBXBuildFile; fileRef = 7D955DF71A6766BE00AD3125 /* tipcalcTests.swift */; };
/* End PBXBuildFile section */

/* Begin PBXContainerItemProxy section */
		7D955DF21A6766BE00AD3125 /* PBXContainerItemProxy */ = {
			isa = PBXContainerItemProxy;
			containerPortal = 7D955DD41A6766BE00AD3125 /* Project object */;
			proxyType = 1;
			remoteGlobalIDString = 7D955DDB1A6766BE00AD3125;
			remoteInfo = tipcalc;
		};
/* End PBXContainerItemProxy section */

/* Begin PBXFileReference section */
		7D955DDC1A6766BE00AD3125 /* tipcalc.app */ = {isa = PBXFileReference; explicitFileType = wrapper.application; includeInIndex = 0; path = tipcalc.app; sourceTree = BUILT_PRODUCTS_DIR; };
		7D955DE01A6766BE00AD3125 /* Info.plist */ = {isa = PBXFileReference; lastKnownFileType = text.plist.xml; path = Info.plist; sourceTree = "<group>"; };
		7D955DE11A6766BE00AD3125 /* AppDelegate.swift */ = {isa = PBXFileReference; lastKnownFileType = sourcecode.swift; path = AppDelegate.swift; sourceTree = "<group>"; };
		7D955DE31A6766BE00AD3125 /* ViewController.swift */ = {isa = PBXFileReference; lastKnownFileType = sourcecode.swift; path = ViewController.swift; sourceTree = "<group>"; };
		7D955DE61A6766BE00AD3125 /* Base */ = {isa = PBXFileReference; lastKnownFileType = file.storyboard; name = Base; path = Base.lproj/Main.storyboard; sourceTree = "<group>"; };
		7D955DE81A6766BE00AD3125 /* Images.xcassets */ = {isa = PBXFileReference; lastKnownFileType = folder.assetcatalog; path = Images.xcassets; sourceTree = "<group>"; };
		7D955DEB1A6766BE00AD3125 /* Base */ = {isa = PBXFileReference; lastKnownFileType = file.xib; name = Base; path = Base.lproj/LaunchScreen.xib; sourceTree = "<group>"; };
		7D955DF11A6766BE00AD3125 /* tipcalcTests.xctest */ = {isa = PBXFileReference; explicitFileType = wrapper.cfbundle; includeInIndex = 0; path = tipcalcTests.xctest; sourceTree = BUILT_PRODUCTS_DIR; };
		7D955DF61A6766BE00AD3125 /* Info.plist */ = {isa = PBXFileReference; lastKnownFileType = text.plist.xml; path = Info.plist; sourceTree = "<group>"; };
		7D955DF71A6766BE00AD3125 /* tipcalcTests.swift */ = {isa = PBXFileReference; lastKnownFileType = sourcecode.swift; path = tipcalcTests.swift; sourceTree = "<group>"; };
/* End PBXFileReference section */

/* Begin PBXFrameworksBuildPhase section */
		7D955DD91A6766BE00AD3125 /* Frameworks */ = {
			isa = PBXFrameworksBuildPhase;
			buildActionMask = 2147483647;
			files = (
			);
			runOnlyForDeploymentPostprocessing = 0;
		};
		7D955DEE1A6766BE00AD3125 /* Frameworks */ = {
			isa = PBXFrameworksBuildPhase;
			buildActionMask = 2147483647;
			files = (
			);
			runOnlyForDeploymentPostprocessing = 0;
		};
/* End PBXFrameworksBuildPhase section */

/* Begin PBXGroup section */
		7D955DD31A6766BE00AD3125 = {
			isa = PBXGroup;
			children = (
				7D955DDE1A6766BE00AD3125 /* tipcalc */,
				7D955DF41A6766BE00AD3125 /* tipcalcTests */,
				7D955DDD1A6766BE00AD3125 /* Products */,
			);
			sourceTree = "<group>";
		};
		7D955DDD1A6766BE00AD3125 /* Products */ = {
			isa = PBXGroup;
			children = (
				7D955DDC1A6766BE00AD3125 /* tipcalc.app */,
				7D955DF11A6766BE00AD3125 /* tipcalcTests.xctest */,
			);
			name = Products;
			sourceTree = "<group>";
		};
		7D955DDE1A6766BE00AD3125 /* tipcalc */ = {
			isa = PBXGroup;
			children = (
				7D955DE11A6766BE00AD3125 /* AppDelegate.swift */,
				7D955DE31A6766BE00AD3125 /* ViewController.swift */,
				7D955DE51A6766BE00AD3125 /* Main.storyboard */,
				7D955DE81A6766BE00AD3125 /* Images.xcassets */,
				7D955DEA1A6766BE00AD3125 /* LaunchScreen.xib */,
				7D955DDF1A6766BE00AD3125 /* Supporting Files */,
			);
			path = tipcalc;
			sourceTree = "<group>";
		};
		7D955DDF1A6766BE00AD3125 /* Supporting Files */ = {
			isa = PBXGroup;
			children = (
				7D955DE01A6766BE00AD3125 /* Info.plist */,
			);
			name = "Supporting Files";
			sourceTree = "<group>";
		};
		7D955DF41A6766BE00AD3125 /* tipcalcTests */ = {
			isa = PBXGroup;
			children = (
				7D955DF71A6766BE00AD3125 /* tipcalcTests.swift */,
				7D955DF51A6766BE00AD3125 /* Supporting Files */,
			);
			path = tipcalcTests;
			sourceTree = "<group>";
		};
		7D955DF51A6766BE00AD3125 /* Supporting Files */ = {
			isa = PBXGroup;
			children = (
				7D955DF61A6766BE00AD3125 /* Info.plist */,
			);
			name = "Supporting Files";
			sourceTree = "<group>";
		};
/* End PBXGroup section */

/* Begin PBXNativeTarget section */
		7D955DDB1A6766BE00AD3125 /* tipcalc */ = {
			isa = PBXNativeTarget;
			buildConfigurationList = 7D955DFB1A6766BE00AD3125 /* Build configuration list for PBXNativeTarget "tipcalc" */;
			buildPhases = (
				7D955DD81A6766BE00AD3125 /* Sources */,
				7D955DD91A6766BE00AD3125 /* Frameworks */,
				7D955DDA1A6766BE00AD3125 /* Resources */,
			);
			buildRules = (
			);
			dependencies = (
			);
			name = tipcalc;
			productName = tipcalc;
			productReference = 7D955DDC1A6766BE00AD3125 /* tipcalc.app */;
			productType = "com.apple.product-type.application";
		};
		7D955DF01A6766BE00AD3125 /* tipcalcTests */ = {
			isa = PBXNativeTarget;
			buildConfigurationList = 7D955DFE1A6766BE00AD3125 /* Build configuration list for PBXNativeTarget "tipcalcTests" */;
			buildPhases = (
				7D955DED1A6766BE00AD3125 /* Sources */,
				7D955DEE1A6766BE00AD3125 /* Frameworks */,
				7D955DEF1A6766BE00AD3125 /* Resources */,
			);
			buildRules = (
			);
			dependencies = (
				7D955DF31A6766BE00AD3125 /* PBXTargetDependency */,
			);
			name = tipcalcTests;
			productName = tipcalcTests;
			productReference = 7D955DF11A6766BE00AD3125 /* tipcalcTests.xctest */;
			productType = "com.apple.product-type.bundle.unit-test";
		};
/* End PBXNativeTarget section */

/* Begin PBXProject section */
		7D955DD41A6766BE00AD3125 /* Project object */ = {
			isa = PBXProject;
			attributes = {
				LastUpgradeCheck = 0810;
				ORGANIZATIONNAME = "ALL ONE SUN";
				TargetAttributes = {
					7D955DDB1A6766BE00AD3125 = {
						CreatedOnToolsVersion = 6.1.1;
						LastSwiftMigration = 0810;
					};
					7D955DF01A6766BE00AD3125 = {
						CreatedOnToolsVersion = 6.1.1;
						LastSwiftMigration = 0810;
						TestTargetID = 7D955DDB1A6766BE00AD3125;
					};
				};
			};
			buildConfigurationList = 7D955DD71A6766BE00AD3125 /* Build configuration list for PBXProject "tipcalc" */;
			compatibilityVersion = "Xcode 3.2";
			developmentRegion = English;
			hasScannedForEncodings = 0;
			knownRegions = (
				en,
				Base,
			);
			mainGroup = 7D955DD31A6766BE00AD3125;
			productRefGroup = 7D955DDD1A6766BE00AD3125 /* Products */;
			projectDirPath = "";
			projectRoot = "";
			targets = (
				7D955DDB1A6766BE00AD3125 /* tipcalc */,
				7D955DF01A6766BE00AD3125 /* tipcalcTests */,
			);
		};
/* End PBXProject section */

/* Begin PBXResourcesBuildPhase section */
		7D955DDA1A6766BE00AD3125 /* Resources */ = {
			isa = PBXResourcesBuildPhase;
			buildActionMask = 2147483647;
			files = (
				7D955DE71A6766BE00AD3125 /* Main.storyboard in Resources */,
				7D955DEC1A6766BE00AD3125 /* LaunchScreen.xib in Resources */,
				7D955DE91A6766BE00AD3125 /* Images.xcassets in Resources */,
			);
			runOnlyForDeploymentPostprocessing = 0;
		};
		7D955DEF1A6766BE00AD3125 /* Resources */ = {
			isa = PBXResourcesBuildPhase;
			buildActionMask = 2147483647;
			files = (
			);
			runOnlyForDeploymentPostprocessing = 0;
		};
/* End PBXResourcesBuildPhase section */

/* Begin PBXSourcesBuildPhase section */
		7D955DD81A6766BE00AD3125 /* Sources */ = {
			isa = PBXSourcesBuildPhase;
			buildActionMask = 2147483647;
			files = (
				7D955DE41A6766BE00AD3125 /* ViewController.swift in Sources */,
				7D955DE21A6766BE00AD3125 /* AppDelegate.swift in Sources */,
			);
			runOnlyForDeploymentPostprocessing = 0;
		};
		7D955DED1A6766BE00AD3125 /* Sources */ = {
			isa = PBXSourcesBuildPhase;
			buildActionMask = 2147483647;
			files = (
				7D955DF81A6766BE00AD3125 /* tipcalcTests.swift in Sources */,
			);
			runOnlyForDeploymentPostprocessing = 0;
		};
/* End PBXSourcesBuildPhase section */

/* Begin PBXTargetDependency section */
		7D955DF31A6766BE00AD3125 /* PBXTargetDependency */ = {
			isa = PBXTargetDependency;
			target = 7D955DDB1A6766BE00AD3125 /* tipcalc */;
			targetProxy = 7D955DF21A6766BE00AD3125 /* PBXContainerItemProxy */;
		};
/* End PBXTargetDependency section */

/* Begin PBXVariantGroup section */
		7D955DE51A6766BE00AD3125 /* Main.storyboard */ = {
			isa = PBXVariantGroup;
			children = (
				7D955DE61A6766BE00AD3125 /* Base */,
			);
			name = Main.storyboard;
			sourceTree = "<group>";
		};
		7D955DEA1A6766BE00AD3125 /* LaunchScreen.xib */ = {
			isa = PBXVariantGroup;
			children = (
				7D955DEB1A6766BE00AD3125 /* Base */,
			);
			name = LaunchScreen.xib;
			sourceTree = "<group>";
		};
/* End PBXVariantGroup section */

/* Begin XCBuildConfiguration section */
		7D955DF91A6766BE00AD3125 /* Debug */ = {
			isa = XCBuildConfiguration;
			buildSettings = {
				ALWAYS_SEARCH_USER_PATHS = NO;
				CLANG_CXX_LANGUAGE_STANDARD = "gnu++0x";
				CLANG_CXX_LIBRARY = "libc++";
				CLANG_ENABLE_MODULES = YES;
				CLANG_ENABLE_OBJC_ARC = YES;
				CLANG_WARN_BOOL_CONVERSION = YES;
				CLANG_WARN_CONSTANT_CONVERSION = YES;
				CLANG_WARN_DIRECT_OBJC_ISA_USAGE = YES_ERROR;
				CLANG_WARN_EMPTY_BODY = YES;
				CLANG_WARN_ENUM_CONVERSION = YES;
				CLANG_WARN_INFINITE_RECURSION = YES;
				CLANG_WARN_INT_CONVERSION = YES;
				CLANG_WARN_OBJC_ROOT_CLASS = YES_ERROR;
				CLANG_WARN_SUSPICIOUS_MOVE = YES;
				CLANG_WARN_UNREACHABLE_CODE = YES;
				CLANG_WARN__DUPLICATE_METHOD_MATCH = YES;
				"CODE_SIGN_IDENTITY[sdk=iphoneos*]" = "iPhone Developer";
				COPY_PHASE_STRIP = NO;
				ENABLE_STRICT_OBJC_MSGSEND = YES;
				ENABLE_TESTABILITY = YES;
				GCC_C_LANGUAGE_STANDARD = gnu99;
				GCC_DYNAMIC_NO_PIC = NO;
				GCC_NO_COMMON_BLOCKS = YES;
				GCC_OPTIMIZATION_LEVEL = 0;
				GCC_PREPROCESSOR_DEFINITIONS = (
					"DEBUG=1",
					"$(inherited)",
				);
				GCC_SYMBOLS_PRIVATE_EXTERN = NO;
				GCC_WARN_64_TO_32_BIT_CONVERSION = YES;
				GCC_WARN_ABOUT_RETURN_TYPE = YES_ERROR;
				GCC_WARN_UNDECLARED_SELECTOR = YES;
				GCC_WARN_UNINITIALIZED_AUTOS = YES_AGGRESSIVE;
				GCC_WARN_UNUSED_FUNCTION = YES;
				GCC_WARN_UNUSED_VARIABLE = YES;
				IPHONEOS_DEPLOYMENT_TARGET = 8.1;
				MTL_ENABLE_DEBUG_INFO = YES;
				ONLY_ACTIVE_ARCH = YES;
				SDKROOT = iphoneos;
				SWIFT_OPTIMIZATION_LEVEL = "-Onone";
			};
			name = Debug;
		};
		7D955DFA1A6766BE00AD3125 /* Release */ = {
			isa = XCBuildConfiguration;
			buildSettings = {
				ALWAYS_SEARCH_USER_PATHS = NO;
				CLANG_CXX_LANGUAGE_STANDARD = "gnu++0x";
				CLANG_CXX_LIBRARY = "libc++";
				CLANG_ENABLE_MODULES = YES;
				CLANG_ENABLE_OBJC_ARC = YES;
				CLANG_WARN_BOOL_CONVERSION = YES;
				CLANG_WARN_CONSTANT_CONVERSION = YES;
				CLANG_WARN_DIRECT_OBJC_ISA_USAGE = YES_ERROR;
				CLANG_WARN_EMPTY_BODY = YES;
				CLANG_WARN_ENUM_CONVERSION = YES;
				CLANG_WARN_INFINITE_RECURSION = YES;
				CLANG_WARN_INT_CONVERSION = YES;
				CLANG_WARN_OBJC_ROOT_CLASS = YES_ERROR;
				CLANG_WARN_SUSPICIOUS_MOVE = YES;
				CLANG_WARN_UNREACHABLE_CODE = YES;
				CLANG_WARN__DUPLICATE_METHOD_MATCH = YES;
				"CODE_SIGN_IDENTITY[sdk=iphoneos*]" = "iPhone Developer";
				COPY_PHASE_STRIP = YES;
				ENABLE_NS_ASSERTIONS = NO;
				ENABLE_STRICT_OBJC_MSGSEND = YES;
				GCC_C_LANGUAGE_STANDARD = gnu99;
				GCC_NO_COMMON_BLOCKS = YES;
				GCC_WARN_64_TO_32_BIT_CONVERSION = YES;
				GCC_WARN_ABOUT_RETURN_TYPE = YES_ERROR;
				GCC_WARN_UNDECLARED_SELECTOR = YES;
				GCC_WARN_UNINITIALIZED_AUTOS = YES_AGGRESSIVE;
				GCC_WARN_UNUSED_FUNCTION = YES;
				GCC_WARN_UNUSED_VARIABLE = YES;
				IPHONEOS_DEPLOYMENT_TARGET = 8.1;
				MTL_ENABLE_DEBUG_INFO = NO;
				SDKROOT = iphoneos;
				SWIFT_OPTIMIZATION_LEVEL = "-Owholemodule";
				VALIDATE_PRODUCT = YES;
			};
			name = Release;
		};
		7D955DFC1A6766BE00AD3125 /* Debug */ = {
			isa = XCBuildConfiguration;
			buildSettings = {
				ASSETCATALOG_COMPILER_APPICON_NAME = AppIcon;
				INFOPLIST_FILE = tipcalc/Info.plist;
				LD_RUNPATH_SEARCH_PATHS = "$(inherited) @executable_path/Frameworks";
				PRODUCT_BUNDLE_IDENTIFIER = "com.what.$(PRODUCT_NAME:rfc1034identifier)";
				PRODUCT_NAME = "$(TARGET_NAME)";
				SWIFT_VERSION = 3.0;
			};
			name = Debug;
		};
		7D955DFD1A6766BE00AD3125 /* Release */ = {
			isa = XCBuildConfiguration;
			buildSettings = {
				ASSETCATALOG_COMPILER_APPICON_NAME = AppIcon;
				INFOPLIST_FILE = tipcalc/Info.plist;
				LD_RUNPATH_SEARCH_PATHS = "$(inherited) @executable_path/Frameworks";
				PRODUCT_BUNDLE_IDENTIFIER = "com.what.$(PRODUCT_NAME:rfc1034identifier)";
				PRODUCT_NAME = "$(TARGET_NAME)";
				SWIFT_VERSION = 3.0;
			};
			name = Release;
		};
		7D955DFF1A6766BE00AD3125 /* Debug */ = {
			isa = XCBuildConfiguration;
			buildSettings = {
				BUNDLE_LOADER = "$(TEST_HOST)";
				FRAMEWORK_SEARCH_PATHS = (
					"$(SDKROOT)/Developer/Library/Frameworks",
					"$(inherited)",
				);
				GCC_PREPROCESSOR_DEFINITIONS = (
					"DEBUG=1",
					"$(inherited)",
				);
				INFOPLIST_FILE = tipcalcTests/Info.plist;
				LD_RUNPATH_SEARCH_PATHS = "$(inherited) @executable_path/Frameworks @loader_path/Frameworks";
				PRODUCT_BUNDLE_IDENTIFIER = "com.what.$(PRODUCT_NAME:rfc1034identifier)";
				PRODUCT_NAME = "$(TARGET_NAME)";
				SWIFT_VERSION = 3.0;
				TEST_HOST = "$(BUILT_PRODUCTS_DIR)/tipcalc.app/tipcalc";
			};
			name = Debug;
		};
		7D955E001A6766BE00AD3125 /* Release */ = {
			isa = XCBuildConfiguration;
			buildSettings = {
				BUNDLE_LOADER = "$(TEST_HOST)";
				FRAMEWORK_SEARCH_PATHS = (
					"$(SDKROOT)/Developer/Library/Frameworks",
					"$(inherited)",
				);
				INFOPLIST_FILE = tipcalcTests/Info.plist;
				LD_RUNPATH_SEARCH_PATHS = "$(inherited) @executable_path/Frameworks @loader_path/Frameworks";
				PRODUCT_BUNDLE_IDENTIFIER = "com.what.$(PRODUCT_NAME:rfc1034identifier)";
				PRODUCT_NAME = "$(TARGET_NAME)";
				SWIFT_VERSION = 3.0;
				TEST_HOST = "$(BUILT_PRODUCTS_DIR)/tipcalc.app/tipcalc";
			};
			name = Release;
		};
/* End XCBuildConfiguration section */

/* Begin XCConfigurationList section */
		7D955DD71A6766BE00AD3125 /* Build configuration list for PBXProject "tipcalc" */ = {
			isa = XCConfigurationList;
			buildConfigurations = (
				7D955DF91A6766BE00AD3125 /* Debug */,
				7D955DFA1A6766BE00AD3125 /* Release */,
			);
			defaultConfigurationIsVisible = 0;
			defaultConfigurationName = Release;
		};
		7D955DFB1A6766BE00AD3125 /* Build configuration list for PBXNativeTarget "tipcalc" */ = {
			isa = XCConfigurationList;
			buildConfigurations = (
				7D955DFC1A6766BE00AD3125 /* Debug */,
				7D955DFD1A6766BE00AD3125 /* Release */,
			);
			defaultConfigurationIsVisible = 0;
			defaultConfigurationName = Release;
		};
		7D955DFE1A6766BE00AD3125 /* Build configuration list for PBXNativeTarget "tipcalcTests" */ = {
			isa = XCConfigurationList;
			buildConfigurations = (
				7D955DFF1A6766BE00AD3125 /* Debug */,
				7D955E001A6766BE00AD3125 /* Release */,
			);
			defaultConfigurationIsVisible = 0;
			defaultConfigurationName = Release;
		};
/* End XCConfigurationList section */
	};
	rootObject = 7D955DD41A6766BE00AD3125 /* Project object */;
}
